# THIS IS AN AUTOGENERATED FILE. DO NOT EDIT THIS FILE DIRECTLY.
# yarn lockfile v1


"@mdi/js@^5.9.55":
  "integrity" "sha512-BbeHMgeK2/vjdJIRnx12wvQ6s8xAYfvMmEAVsUx9b+7GiQGQ9Za8jpwp17dMKr9CgKRvemlAM4S7S3QOtEbp4A=="
  "resolved" "https://registry.npmjs.org/@mdi/js/-/js-5.9.55.tgz"
  "version" "5.9.55"

"material-design-icons-iconfont@^6.1.0":
  "version" "v6.1.0"

"vue-info-card@^0.1.4":
  "integrity" "sha512-pXftcu71i/nlw2Y5btslUHHxMaUjlnrZ7F4xX8SqO2gvQZtzWy66NFbddl2GOOhtKe77U3YAEWMunrAMyvehsA=="
  "resolved" "https://registry.npmjs.org/vue-info-card/-/vue-info-card-0.1.4.tgz"
  "version" "0.1.4"
  dependencies:
    "vuetrend" "^0.2.3"

"vue-trend@^0.0.0":
  "integrity" "sha1-0Q/F53vTb39o/XfUCuaOrt7c5pQ="
  "resolved" "https://registry.npmjs.org/vue-trend/-/vue-trend-0.0.0.tgz"
  "version" "0.0.0"

"vuetrend@^0.2.3":
  "integrity" "sha512-UABGhn/RbVWpI1mZLQz467o6LkQH6mXg1tPln6lfl5NjzU0HEAPQJK+UptbOzs+/JWewk+oU+alUqW4t/GzQ9Q=="
  "resolved" "https://registry.npmjs.org/vuetrend/-/vuetrend-0.2.3.tgz"
  "version" "0.2.3"

"vuetrend@^0.3.4":
  "integrity" "sha512-UaOJhMnkoiRBlGB9k2FX5GqotJyoyYUpyTAjfBiB7K5ESt3KzRoaplfG7j7SAnH4ITk4DjVDC9WB2IX80TVYmQ=="
  "resolved" "https://registry.npmjs.org/vuetrend/-/vuetrend-0.3.4.tgz"
  "version" "0.3.4"
